// !$*UTF8*$!
{
	archiveVersion = 1;
	classes = {
	};
	objectVersion = 50;
	objects = {

/* Begin PBXBuildFile section */
		2960988624F1181B0099420D /* AppDelegate.swift in Sources */ = {isa = PBXBuildFile; fileRef = 2960988524F1181B0099420D /* AppDelegate.swift */; };
		2960988824F1181B0099420D /* SceneDelegate.swift in Sources */ = {isa = PBXBuildFile; fileRef = 2960988724F1181B0099420D /* SceneDelegate.swift */; };
		2960988A24F1181B0099420D /* TownViewController.swift in Sources */ = {isa = PBXBuildFile; fileRef = 2960988924F1181B0099420D /* TownViewController.swift */; };
		2960988D24F1181B0099420D /* Main.storyboard in Resources */ = {isa = PBXBuildFile; fileRef = 2960988B24F1181B0099420D /* Main.storyboard */; };
		2960988F24F1181F0099420D /* Assets.xcassets in Resources */ = {isa = PBXBuildFile; fileRef = 2960988E24F1181F0099420D /* Assets.xcassets */; };
		2960989224F1181F0099420D /* LaunchScreen.storyboard in Resources */ = {isa = PBXBuildFile; fileRef = 2960989024F1181F0099420D /* LaunchScreen.storyboard */; };
		2960989D24F119D30099420D /* GnomeModel.swift in Sources */ = {isa = PBXBuildFile; fileRef = 2960989C24F119D30099420D /* GnomeModel.swift */; };
		296098A024F11C7C0099420D /* GnomesCoreData.xcdatamodeld in Sources */ = {isa = PBXBuildFile; fileRef = 2960989E24F11C7C0099420D /* GnomesCoreData.xcdatamodeld */; };
		296098A224F11E2D0099420D /* Networking.swift in Sources */ = {isa = PBXBuildFile; fileRef = 296098A124F11E2D0099420D /* Networking.swift */; };
		296098A624F11E570099420D /* GetPopulation.swift in Sources */ = {isa = PBXBuildFile; fileRef = 296098A524F11E570099420D /* GetPopulation.swift */; };
		296098A824F126160099420D /* CDStack.swift in Sources */ = {isa = PBXBuildFile; fileRef = 296098A724F126160099420D /* CDStack.swift */; };
		296098AC24F126740099420D /* DataSource.swift in Sources */ = {isa = PBXBuildFile; fileRef = 296098A924F126730099420D /* DataSource.swift */; };
		296098AD24F126740099420D /* Coordinator.swift in Sources */ = {isa = PBXBuildFile; fileRef = 296098AA24F126740099420D /* Coordinator.swift */; };
		296098AE24F126740099420D /* Storyboarder.swift in Sources */ = {isa = PBXBuildFile; fileRef = 296098AB24F126740099420D /* Storyboarder.swift */; };
		296098B124F129030099420D /* Entities.swift in Sources */ = {isa = PBXBuildFile; fileRef = 296098B024F129030099420D /* Entities.swift */; };
		297B83D224F146970022081C /* MainCoordinator.swift in Sources */ = {isa = PBXBuildFile; fileRef = 297B83D124F146970022081C /* MainCoordinator.swift */; };
		297B83D424F147B90022081C /* GnomesViewController.swift in Sources */ = {isa = PBXBuildFile; fileRef = 297B83D324F147B90022081C /* GnomesViewController.swift */; };
		297B83D824F148100022081C /* GnomeCoordinator.swift in Sources */ = {isa = PBXBuildFile; fileRef = 297B83D724F148100022081C /* GnomeCoordinator.swift */; };
		297B83DA24F148710022081C /* GnomeDetailViewController.swift in Sources */ = {isa = PBXBuildFile; fileRef = 297B83D924F148710022081C /* GnomeDetailViewController.swift */; };
		297B83DC24F1492E0022081C /* MainTabViewController.swift in Sources */ = {isa = PBXBuildFile; fileRef = 297B83DB24F1492E0022081C /* MainTabViewController.swift */; };
		297B83DE24F14ACC0022081C /* GnomeTableViewCell.swift in Sources */ = {isa = PBXBuildFile; fileRef = 297B83DD24F14ACC0022081C /* GnomeTableViewCell.swift */; };
		297B83E024F169090022081C /* UIImageUrl.swift in Sources */ = {isa = PBXBuildFile; fileRef = 297B83DF24F169090022081C /* UIImageUrl.swift */; };
		297B83E324F17B4E0022081C /* StatisticsViewController.swift in Sources */ = {isa = PBXBuildFile; fileRef = 297B83E224F17B4E0022081C /* StatisticsViewController.swift */; };
/* End PBXBuildFile section */

/* Begin PBXFileReference section */
		2960988224F1181B0099420D /* Gnomes.app */ = {isa = PBXFileReference; explicitFileType = wrapper.application; includeInIndex = 0; path = Gnomes.app; sourceTree = BUILT_PRODUCTS_DIR; };
		2960988524F1181B0099420D /* AppDelegate.swift */ = {isa = PBXFileReference; lastKnownFileType = sourcecode.swift; path = AppDelegate.swift; sourceTree = "<group>"; };
		2960988724F1181B0099420D /* SceneDelegate.swift */ = {isa = PBXFileReference; lastKnownFileType = sourcecode.swift; path = SceneDelegate.swift; sourceTree = "<group>"; };
		2960988924F1181B0099420D /* TownViewController.swift */ = {isa = PBXFileReference; lastKnownFileType = sourcecode.swift; path = TownViewController.swift; sourceTree = "<group>"; };
		2960988C24F1181B0099420D /* Base */ = {isa = PBXFileReference; lastKnownFileType = file.storyboard; name = Base; path = Base.lproj/Main.storyboard; sourceTree = "<group>"; };
		2960988E24F1181F0099420D /* Assets.xcassets */ = {isa = PBXFileReference; lastKnownFileType = folder.assetcatalog; path = Assets.xcassets; sourceTree = "<group>"; };
		2960989124F1181F0099420D /* Base */ = {isa = PBXFileReference; lastKnownFileType = file.storyboard; name = Base; path = Base.lproj/LaunchScreen.storyboard; sourceTree = "<group>"; };
		2960989324F1181F0099420D /* Info.plist */ = {isa = PBXFileReference; lastKnownFileType = text.plist.xml; path = Info.plist; sourceTree = "<group>"; };
		2960989C24F119D30099420D /* GnomeModel.swift */ = {isa = PBXFileReference; lastKnownFileType = sourcecode.swift; path = GnomeModel.swift; sourceTree = "<group>"; };
		2960989F24F11C7C0099420D /* Model.xcdatamodel */ = {isa = PBXFileReference; lastKnownFileType = wrapper.xcdatamodel; path = Model.xcdatamodel; sourceTree = "<group>"; };
		296098A124F11E2D0099420D /* Networking.swift */ = {isa = PBXFileReference; fileEncoding = 4; lastKnownFileType = sourcecode.swift; path = Networking.swift; sourceTree = "<group>"; };
		296098A524F11E570099420D /* GetPopulation.swift */ = {isa = PBXFileReference; lastKnownFileType = sourcecode.swift; path = GetPopulation.swift; sourceTree = "<group>"; };
		296098A724F126160099420D /* CDStack.swift */ = {isa = PBXFileReference; fileEncoding = 4; lastKnownFileType = sourcecode.swift; path = CDStack.swift; sourceTree = "<group>"; };
		296098A924F126730099420D /* DataSource.swift */ = {isa = PBXFileReference; fileEncoding = 4; lastKnownFileType = sourcecode.swift; path = DataSource.swift; sourceTree = "<group>"; };
		296098AA24F126740099420D /* Coordinator.swift */ = {isa = PBXFileReference; fileEncoding = 4; lastKnownFileType = sourcecode.swift; path = Coordinator.swift; sourceTree = "<group>"; };
		296098AB24F126740099420D /* Storyboarder.swift */ = {isa = PBXFileReference; fileEncoding = 4; lastKnownFileType = sourcecode.swift; path = Storyboarder.swift; sourceTree = "<group>"; };
		296098B024F129030099420D /* Entities.swift */ = {isa = PBXFileReference; lastKnownFileType = sourcecode.swift; path = Entities.swift; sourceTree = "<group>"; };
		297B83D124F146970022081C /* MainCoordinator.swift */ = {isa = PBXFileReference; lastKnownFileType = sourcecode.swift; path = MainCoordinator.swift; sourceTree = "<group>"; };
		297B83D324F147B90022081C /* GnomesViewController.swift */ = {isa = PBXFileReference; lastKnownFileType = sourcecode.swift; path = GnomesViewController.swift; sourceTree = "<group>"; };
		297B83D724F148100022081C /* GnomeCoordinator.swift */ = {isa = PBXFileReference; lastKnownFileType = sourcecode.swift; path = GnomeCoordinator.swift; sourceTree = "<group>"; };
		297B83D924F148710022081C /* GnomeDetailViewController.swift */ = {isa = PBXFileReference; lastKnownFileType = sourcecode.swift; path = GnomeDetailViewController.swift; sourceTree = "<group>"; };
		297B83DB24F1492E0022081C /* MainTabViewController.swift */ = {isa = PBXFileReference; lastKnownFileType = sourcecode.swift; path = MainTabViewController.swift; sourceTree = "<group>"; };
		297B83DD24F14ACC0022081C /* GnomeTableViewCell.swift */ = {isa = PBXFileReference; lastKnownFileType = sourcecode.swift; path = GnomeTableViewCell.swift; sourceTree = "<group>"; };
		297B83DF24F169090022081C /* UIImageUrl.swift */ = {isa = PBXFileReference; lastKnownFileType = sourcecode.swift; path = UIImageUrl.swift; sourceTree = "<group>"; };
		297B83E224F17B4E0022081C /* StatisticsViewController.swift */ = {isa = PBXFileReference; lastKnownFileType = sourcecode.swift; path = StatisticsViewController.swift; sourceTree = "<group>"; };
/* End PBXFileReference section */

/* Begin PBXFrameworksBuildPhase section */
		2960987F24F1181B0099420D /* Frameworks */ = {
			isa = PBXFrameworksBuildPhase;
			buildActionMask = 2147483647;
			files = (
			);
			runOnlyForDeploymentPostprocessing = 0;
		};
/* End PBXFrameworksBuildPhase section */

/* Begin PBXGroup section */
		2960987924F1181B0099420D = {
			isa = PBXGroup;
			children = (
				2960988424F1181B0099420D /* Gnomes */,
				2960988324F1181B0099420D /* Products */,
			);
			sourceTree = "<group>";
		};
		2960988324F1181B0099420D /* Products */ = {
			isa = PBXGroup;
			children = (
				2960988224F1181B0099420D /* Gnomes.app */,
			);
			name = Products;
			sourceTree = "<group>";
		};
		2960988424F1181B0099420D /* Gnomes */ = {
			isa = PBXGroup;
			children = (
				296098A324F11E330099420D /* KMTools */,
				296098A424F11E420099420D /* Shared */,
				2960988524F1181B0099420D /* AppDelegate.swift */,
				2960988724F1181B0099420D /* SceneDelegate.swift */,
				297B83E124F17AEE0022081C /* Coordinators */,
				297B83D524F147C30022081C /* ViewControllers */,
				2960988B24F1181B0099420D /* Main.storyboard */,
				2960989E24F11C7C0099420D /* GnomesCoreData.xcdatamodeld */,
				2960988E24F1181F0099420D /* Assets.xcassets */,
				2960989024F1181F0099420D /* LaunchScreen.storyboard */,
				2960989324F1181F0099420D /* Info.plist */,
			);
			path = Gnomes;
			sourceTree = "<group>";
		};
		2960989B24F119480099420D /* Models */ = {
			isa = PBXGroup;
			children = (
				2960989C24F119D30099420D /* GnomeModel.swift */,
			);
			path = Models;
			sourceTree = "<group>";
		};
		296098A324F11E330099420D /* KMTools */ = {
			isa = PBXGroup;
			children = (
				296098A124F11E2D0099420D /* Networking.swift */,
				296098A724F126160099420D /* CDStack.swift */,
				296098AA24F126740099420D /* Coordinator.swift */,
				296098A924F126730099420D /* DataSource.swift */,
				296098AB24F126740099420D /* Storyboarder.swift */,
				297B83DF24F169090022081C /* UIImageUrl.swift */,
			);
			path = KMTools;
			sourceTree = "<group>";
		};
		296098A424F11E420099420D /* Shared */ = {
			isa = PBXGroup;
			children = (
				2960989B24F119480099420D /* Models */,
				296098AF24F127A80099420D /* API */,
				296098B224F1290E0099420D /* DB */,
			);
			path = Shared;
			sourceTree = "<group>";
		};
		296098AF24F127A80099420D /* API */ = {
			isa = PBXGroup;
			children = (
				296098A524F11E570099420D /* GetPopulation.swift */,
			);
			path = API;
			sourceTree = "<group>";
		};
		296098B224F1290E0099420D /* DB */ = {
			isa = PBXGroup;
			children = (
				296098B024F129030099420D /* Entities.swift */,
			);
			path = DB;
			sourceTree = "<group>";
		};
		297B83D524F147C30022081C /* ViewControllers */ = {
			isa = PBXGroup;
			children = (
				2960988924F1181B0099420D /* TownViewController.swift */,
				297B83DB24F1492E0022081C /* MainTabViewController.swift */,
				297B83D324F147B90022081C /* GnomesViewController.swift */,
				297B83DD24F14ACC0022081C /* GnomeTableViewCell.swift */,
				297B83D924F148710022081C /* GnomeDetailViewController.swift */,
				297B83E224F17B4E0022081C /* StatisticsViewController.swift */,
			);
			path = ViewControllers;
			sourceTree = "<group>";
		};
		297B83E124F17AEE0022081C /* Coordinators */ = {
			isa = PBXGroup;
			children = (
				297B83D124F146970022081C /* MainCoordinator.swift */,
				297B83D724F148100022081C /* GnomeCoordinator.swift */,
			);
			path = Coordinators;
			sourceTree = "<group>";
		};
/* End PBXGroup section */

/* Begin PBXNativeTarget section */
		2960988124F1181B0099420D /* Gnomes */ = {
			isa = PBXNativeTarget;
			buildConfigurationList = 2960989624F1181F0099420D /* Build configuration list for PBXNativeTarget "Gnomes" */;
			buildPhases = (
				2960987E24F1181B0099420D /* Sources */,
				2960987F24F1181B0099420D /* Frameworks */,
				2960988024F1181B0099420D /* Resources */,
			);
			buildRules = (
			);
			dependencies = (
			);
			name = Gnomes;
			productName = Gnomes;
			productReference = 2960988224F1181B0099420D /* Gnomes.app */;
			productType = "com.apple.product-type.application";
		};
/* End PBXNativeTarget section */

/* Begin PBXProject section */
		2960987A24F1181B0099420D /* Project object */ = {
			isa = PBXProject;
			attributes = {
				LastSwiftUpdateCheck = 1160;
				LastUpgradeCheck = 1160;
				ORGANIZATIONNAME = kmabas;
				TargetAttributes = {
					2960988124F1181B0099420D = {
						CreatedOnToolsVersion = 11.6;
					};
				};
			};
			buildConfigurationList = 2960987D24F1181B0099420D /* Build configuration list for PBXProject "Gnomes" */;
			compatibilityVersion = "Xcode 9.3";
			developmentRegion = en;
			hasScannedForEncodings = 0;
			knownRegions = (
				en,
				Base,
			);
			mainGroup = 2960987924F1181B0099420D;
			productRefGroup = 2960988324F1181B0099420D /* Products */;
			projectDirPath = "";
			projectRoot = "";
			targets = (
				2960988124F1181B0099420D /* Gnomes */,
			);
		};
/* End PBXProject section */

/* Begin PBXResourcesBuildPhase section */
		2960988024F1181B0099420D /* Resources */ = {
			isa = PBXResourcesBuildPhase;
			buildActionMask = 2147483647;
			files = (
				2960989224F1181F0099420D /* LaunchScreen.storyboard in Resources */,
				2960988F24F1181F0099420D /* Assets.xcassets in Resources */,
				2960988D24F1181B0099420D /* Main.storyboard in Resources */,
			);
			runOnlyForDeploymentPostprocessing = 0;
		};
/* End PBXResourcesBuildPhase section */

/* Begin PBXSourcesBuildPhase section */
		2960987E24F1181B0099420D /* Sources */ = {
			isa = PBXSourcesBuildPhase;
			buildActionMask = 2147483647;
			files = (
				297B83DC24F1492E0022081C /* MainTabViewController.swift in Sources */,
				296098A824F126160099420D /* CDStack.swift in Sources */,
				297B83DE24F14ACC0022081C /* GnomeTableViewCell.swift in Sources */,
				296098AE24F126740099420D /* Storyboarder.swift in Sources */,
				297B83DA24F148710022081C /* GnomeDetailViewController.swift in Sources */,
				2960988A24F1181B0099420D /* TownViewController.swift in Sources */,
				296098A624F11E570099420D /* GetPopulation.swift in Sources */,
				2960988624F1181B0099420D /* AppDelegate.swift in Sources */,
				2960988824F1181B0099420D /* SceneDelegate.swift in Sources */,
				296098B124F129030099420D /* Entities.swift in Sources */,
				297B83E024F169090022081C /* UIImageUrl.swift in Sources */,
				296098AD24F126740099420D /* Coordinator.swift in Sources */,
				2960989D24F119D30099420D /* GnomeModel.swift in Sources */,
				297B83D824F148100022081C /* GnomeCoordinator.swift in Sources */,
				296098A024F11C7C0099420D /* GnomesCoreData.xcdatamodeld in Sources */,
				297B83D224F146970022081C /* MainCoordinator.swift in Sources */,
				297B83E324F17B4E0022081C /* StatisticsViewController.swift in Sources */,
				297B83D424F147B90022081C /* GnomesViewController.swift in Sources */,
				296098AC24F126740099420D /* DataSource.swift in Sources */,
				296098A224F11E2D0099420D /* Networking.swift in Sources */,
			);
			runOnlyForDeploymentPostprocessing = 0;
		};
/* End PBXSourcesBuildPhase section */

/* Begin PBXVariantGroup section */
		2960988B24F1181B0099420D /* Main.storyboard */ = {
			isa = PBXVariantGroup;
			children = (
				2960988C24F1181B0099420D /* Base */,
			);
			name = Main.storyboard;
			sourceTree = "<group>";
		};
		2960989024F1181F0099420D /* LaunchScreen.storyboard */ = {
			isa = PBXVariantGroup;
			children = (
				2960989124F1181F0099420D /* Base */,
			);
			name = LaunchScreen.storyboard;
			sourceTree = "<group>";
		};
/* End PBXVariantGroup section */

/* Begin XCBuildConfiguration section */
		2960989424F1181F0099420D /* Debug */ = {
			isa = XCBuildConfiguration;
			buildSettings = {
				ALWAYS_SEARCH_USER_PATHS = NO;
				CLANG_ANALYZER_NONNULL = YES;
				CLANG_ANALYZER_NUMBER_OBJECT_CONVERSION = YES_AGGRESSIVE;
				CLANG_CXX_LANGUAGE_STANDARD = "gnu++14";
				CLANG_CXX_LIBRARY = "libc++";
				CLANG_ENABLE_MODULES = YES;
				CLANG_ENABLE_OBJC_ARC = YES;
				CLANG_ENABLE_OBJC_WEAK = YES;
				CLANG_WARN_BLOCK_CAPTURE_AUTORELEASING = YES;
				CLANG_WARN_BOOL_CONVERSION = YES;
				CLANG_WARN_COMMA = YES;
				CLANG_WARN_CONSTANT_CONVERSION = YES;
				CLANG_WARN_DEPRECATED_OBJC_IMPLEMENTATIONS = YES;
				CLANG_WARN_DIRECT_OBJC_ISA_USAGE = YES_ERROR;
				CLANG_WARN_DOCUMENTATION_COMMENTS = YES;
				CLANG_WARN_EMPTY_BODY = YES;
				CLANG_WARN_ENUM_CONVERSION = YES;
				CLANG_WARN_INFINITE_RECURSION = YES;
				CLANG_WARN_INT_CONVERSION = YES;
				CLANG_WARN_NON_LITERAL_NULL_CONVERSION = YES;
				CLANG_WARN_OBJC_IMPLICIT_RETAIN_SELF = YES;
				CLANG_WARN_OBJC_LITERAL_CONVERSION = YES;
				CLANG_WARN_OBJC_ROOT_CLASS = YES_ERROR;
				CLANG_WARN_RANGE_LOOP_ANALYSIS = YES;
				CLANG_WARN_STRICT_PROTOTYPES = YES;
				CLANG_WARN_SUSPICIOUS_MOVE = YES;
				CLANG_WARN_UNGUARDED_AVAILABILITY = YES_AGGRESSIVE;
				CLANG_WARN_UNREACHABLE_CODE = YES;
				CLANG_WARN__DUPLICATE_METHOD_MATCH = YES;
				COPY_PHASE_STRIP = NO;
				DEBUG_INFORMATION_FORMAT = dwarf;
				ENABLE_STRICT_OBJC_MSGSEND = YES;
				ENABLE_TESTABILITY = YES;
				GCC_C_LANGUAGE_STANDARD = gnu11;
				GCC_DYNAMIC_NO_PIC = NO;
				GCC_NO_COMMON_BLOCKS = YES;
				GCC_OPTIMIZATION_LEVEL = 0;
				GCC_PREPROCESSOR_DEFINITIONS = (
					"DEBUG=1",
					"$(inherited)",
				);
				GCC_WARN_64_TO_32_BIT_CONVERSION = YES;
				GCC_WARN_ABOUT_RETURN_TYPE = YES_ERROR;
				GCC_WARN_UNDECLARED_SELECTOR = YES;
				GCC_WARN_UNINITIALIZED_AUTOS = YES_AGGRESSIVE;
				GCC_WARN_UNUSED_FUNCTION = YES;
				GCC_WARN_UNUSED_VARIABLE = YES;
				IPHONEOS_DEPLOYMENT_TARGET = 13.6;
				MTL_ENABLE_DEBUG_INFO = INCLUDE_SOURCE;
				MTL_FAST_MATH = YES;
				ONLY_ACTIVE_ARCH = YES;
				SDKROOT = iphoneos;
				SWIFT_ACTIVE_COMPILATION_CONDITIONS = DEBUG;
				SWIFT_OPTIMIZATION_LEVEL = "-Onone";
			};
			name = Debug;
		};
		2960989524F1181F0099420D /* Release */ = {
			isa = XCBuildConfiguration;
			buildSettings = {
				ALWAYS_SEARCH_USER_PATHS = NO;
				CLANG_ANALYZER_NONNULL = YES;
				CLANG_ANALYZER_NUMBER_OBJECT_CONVERSION = YES_AGGRESSIVE;
				CLANG_CXX_LANGUAGE_STANDARD = "gnu++14";
				CLANG_CXX_LIBRARY = "libc++";
				CLANG_ENABLE_MODULES = YES;
				CLANG_ENABLE_OBJC_ARC = YES;
				CLANG_ENABLE_OBJC_WEAK = YES;
				CLANG_WARN_BLOCK_CAPTURE_AUTORELEASING = YES;
				CLANG_WARN_BOOL_CONVERSION = YES;
				CLANG_WARN_COMMA = YES;
				CLANG_WARN_CONSTANT_CONVERSION = YES;
				CLANG_WARN_DEPRECATED_OBJC_IMPLEMENTATIONS = YES;
				CLANG_WARN_DIRECT_OBJC_ISA_USAGE = YES_ERROR;
				CLANG_WARN_DOCUMENTATION_COMMENTS = YES;
				CLANG_WARN_EMPTY_BODY = YES;
				CLANG_WARN_ENUM_CONVERSION = YES;
				CLANG_WARN_INFINITE_RECURSION = YES;
				CLANG_WARN_INT_CONVERSION = YES;
				CLANG_WARN_NON_LITERAL_NULL_CONVERSION = YES;
				CLANG_WARN_OBJC_IMPLICIT_RETAIN_SELF = YES;
				CLANG_WARN_OBJC_LITERAL_CONVERSION = YES;
				CLANG_WARN_OBJC_ROOT_CLASS = YES_ERROR;
				CLANG_WARN_RANGE_LOOP_ANALYSIS = YES;
				CLANG_WARN_STRICT_PROTOTYPES = YES;
				CLANG_WARN_SUSPICIOUS_MOVE = YES;
				CLANG_WARN_UNGUARDED_AVAILABILITY = YES_AGGRESSIVE;
				CLANG_WARN_UNREACHABLE_CODE = YES;
				CLANG_WARN__DUPLICATE_METHOD_MATCH = YES;
				COPY_PHASE_STRIP = NO;
				DEBUG_INFORMATION_FORMAT = "dwarf-with-dsym";
				ENABLE_NS_ASSERTIONS = NO;
				ENABLE_STRICT_OBJC_MSGSEND = YES;
				GCC_C_LANGUAGE_STANDARD = gnu11;
				GCC_NO_COMMON_BLOCKS = YES;
				GCC_WARN_64_TO_32_BIT_CONVERSION = YES;
				GCC_WARN_ABOUT_RETURN_TYPE = YES_ERROR;
				GCC_WARN_UNDECLARED_SELECTOR = YES;
				GCC_WARN_UNINITIALIZED_AUTOS = YES_AGGRESSIVE;
				GCC_WARN_UNUSED_FUNCTION = YES;
				GCC_WARN_UNUSED_VARIABLE = YES;
				IPHONEOS_DEPLOYMENT_TARGET = 13.6;
				MTL_ENABLE_DEBUG_INFO = NO;
				MTL_FAST_MATH = YES;
				SDKROOT = iphoneos;
				SWIFT_COMPILATION_MODE = wholemodule;
				SWIFT_OPTIMIZATION_LEVEL = "-O";
				VALIDATE_PRODUCT = YES;
			};
			name = Release;
		};
		2960989724F1181F0099420D /* Debug */ = {
			isa = XCBuildConfiguration;
			buildSettings = {
				ASSETCATALOG_COMPILER_APPICON_NAME = AppIcon;
				CODE_SIGN_STYLE = Automatic;
				INFOPLIST_FILE = Gnomes/Info.plist;
				LD_RUNPATH_SEARCH_PATHS = (
					"$(inherited)",
					"@executable_path/Frameworks",
				);
				PRODUCT_BUNDLE_IDENTIFIER = space.kmabas.Gnomes;
				PRODUCT_NAME = "$(TARGET_NAME)";
				SWIFT_VERSION = 5.0;
				TARGETED_DEVICE_FAMILY = "1,2";
			};
			name = Debug;
		};
		2960989824F1181F0099420D /* Release */ = {
			isa = XCBuildConfiguration;
			buildSettings = {
				ASSETCATALOG_COMPILER_APPICON_NAME = AppIcon;
				CODE_SIGN_STYLE = Automatic;
				INFOPLIST_FILE = Gnomes/Info.plist;
				LD_RUNPATH_SEARCH_PATHS = (
					"$(inherited)",
					"@executable_path/Frameworks",
				);
				PRODUCT_BUNDLE_IDENTIFIER = space.kmabas.Gnomes;
				PRODUCT_NAME = "$(TARGET_NAME)";
				SWIFT_VERSION = 5.0;
				TARGETED_DEVICE_FAMILY = "1,2";
			};
			name = Release;
		};
/* End XCBuildConfiguration section */

/* Begin XCConfigurationList section */
		2960987D24F1181B0099420D /* Build configuration list for PBXProject "Gnomes" */ = {
			isa = XCConfigurationList;
			buildConfigurations = (
				2960989424F1181F0099420D /* Debug */,
				2960989524F1181F0099420D /* Release */,
			);
			defaultConfigurationIsVisible = 0;
			defaultConfigurationName = Release;
		};
		2960989624F1181F0099420D /* Build configuration list for PBXNativeTarget "Gnomes" */ = {
			isa = XCConfigurationList;
			buildConfigurations = (
				2960989724F1181F0099420D /* Debug */,
				2960989824F1181F0099420D /* Release */,
			);
			defaultConfigurationIsVisible = 0;
			defaultConfigurationName = Release;
		};
/* End XCConfigurationList section */

/* Begin XCVersionGroup section */
		2960989E24F11C7C0099420D /* GnomesCoreData.xcdatamodeld */ = {
			isa = XCVersionGroup;
			children = (
				2960989F24F11C7C0099420D /* Model.xcdatamodel */,
			);
			currentVersion = 2960989F24F11C7C0099420D /* Model.xcdatamodel */;
			path = GnomesCoreData.xcdatamodeld;
			sourceTree = "<group>";
			versionGroupType = wrapper.xcdatamodel;
		};
/* End XCVersionGroup section */
	};
	rootObject = 2960987A24F1181B0099420D /* Project object */;
}
